// !$*UTF8*$!
{
	archiveVersion = 1;
	classes = {
	};
	objectVersion = 46;
	objects = {

/* Begin PBXBuildFile section */
		5322799B1D174D6100F7C2E0 /* main.m in Sources */ = {isa = PBXBuildFile; fileRef = 5322799A1D174D6100F7C2E0 /* main.m */; };
		5322799E1D174D6100F7C2E0 /* AppDelegate.m in Sources */ = {isa = PBXBuildFile; fileRef = 5322799D1D174D6100F7C2E0 /* AppDelegate.m */; };
		532279A11D174D6100F7C2E0 /* MasterViewController.m in Sources */ = {isa = PBXBuildFile; fileRef = 532279A01D174D6100F7C2E0 /* MasterViewController.m */; };
		532279A41D174D6100F7C2E0 /* DetailViewController.m in Sources */ = {isa = PBXBuildFile; fileRef = 532279A31D174D6100F7C2E0 /* DetailViewController.m */; };
		532279A71D174D6100F7C2E0 /* Main.storyboard in Resources */ = {isa = PBXBuildFile; fileRef = 532279A51D174D6100F7C2E0 /* Main.storyboard */; };
		532279A91D174D6100F7C2E0 /* Assets.xcassets in Resources */ = {isa = PBXBuildFile; fileRef = 532279A81D174D6100F7C2E0 /* Assets.xcassets */; };
		532279AC1D174D6100F7C2E0 /* LaunchScreen.storyboard in Resources */ = {isa = PBXBuildFile; fileRef = 532279AA1D174D6100F7C2E0 /* LaunchScreen.storyboard */; };
		532279B41D174E1F00F7C2E0 /* GoogleService-Info.plist in Resources */ = {isa = PBXBuildFile; fileRef = 532279B31D174E1F00F7C2E0 /* GoogleService-Info.plist */; };
		53FB68A01DC18150004337C1 /* BroadcastViewController.m in Sources */ = {isa = PBXBuildFile; fileRef = 53FB689F1DC1814F004337C1 /* BroadcastViewController.m */; };
		53FB68A31DC18F34004337C1 /* StartTableViewController.m in Sources */ = {isa = PBXBuildFile; fileRef = 53FB68A21DC18F34004337C1 /* StartTableViewController.m */; };
		81D540E9FC2A29B4108A8061 /* libPods-weSurf.a in Frameworks */ = {isa = PBXBuildFile; fileRef = B9C801B83EF15B54653D724C /* libPods-weSurf.a */; };
/* End PBXBuildFile section */

/* Begin PBXFileReference section */
		532279961D174D6100F7C2E0 /* weSurf.app */ = {isa = PBXFileReference; explicitFileType = wrapper.application; includeInIndex = 0; path = weSurf.app; sourceTree = BUILT_PRODUCTS_DIR; };
		5322799A1D174D6100F7C2E0 /* main.m */ = {isa = PBXFileReference; lastKnownFileType = sourcecode.c.objc; path = main.m; sourceTree = "<group>"; };
		5322799C1D174D6100F7C2E0 /* AppDelegate.h */ = {isa = PBXFileReference; lastKnownFileType = sourcecode.c.h; path = AppDelegate.h; sourceTree = "<group>"; };
		5322799D1D174D6100F7C2E0 /* AppDelegate.m */ = {isa = PBXFileReference; lastKnownFileType = sourcecode.c.objc; path = AppDelegate.m; sourceTree = "<group>"; };
		5322799F1D174D6100F7C2E0 /* MasterViewController.h */ = {isa = PBXFileReference; lastKnownFileType = sourcecode.c.h; path = MasterViewController.h; sourceTree = "<group>"; };
		532279A01D174D6100F7C2E0 /* MasterViewController.m */ = {isa = PBXFileReference; lastKnownFileType = sourcecode.c.objc; path = MasterViewController.m; sourceTree = "<group>"; };
		532279A21D174D6100F7C2E0 /* DetailViewController.h */ = {isa = PBXFileReference; lastKnownFileType = sourcecode.c.h; path = DetailViewController.h; sourceTree = "<group>"; };
		532279A31D174D6100F7C2E0 /* DetailViewController.m */ = {isa = PBXFileReference; lastKnownFileType = sourcecode.c.objc; path = DetailViewController.m; sourceTree = "<group>"; };
		532279A61D174D6100F7C2E0 /* Base */ = {isa = PBXFileReference; lastKnownFileType = file.storyboard; name = Base; path = Base.lproj/Main.storyboard; sourceTree = "<group>"; };
		532279A81D174D6100F7C2E0 /* Assets.xcassets */ = {isa = PBXFileReference; lastKnownFileType = folder.assetcatalog; path = Assets.xcassets; sourceTree = "<group>"; };
		532279AB1D174D6100F7C2E0 /* Base */ = {isa = PBXFileReference; lastKnownFileType = file.storyboard; name = Base; path = Base.lproj/LaunchScreen.storyboard; sourceTree = "<group>"; };
		532279AD1D174D6100F7C2E0 /* Info.plist */ = {isa = PBXFileReference; lastKnownFileType = text.plist.xml; path = Info.plist; sourceTree = "<group>"; };
		532279B31D174E1F00F7C2E0 /* GoogleService-Info.plist */ = {isa = PBXFileReference; fileEncoding = 4; lastKnownFileType = text.plist.xml; path = "GoogleService-Info.plist"; sourceTree = "<group>"; };
		53FB689C1DC17D5B004337C1 /* weSurf.entitlements */ = {isa = PBXFileReference; lastKnownFileType = text.plist.entitlements; path = weSurf.entitlements; sourceTree = "<group>"; };
		53FB689E1DC1814F004337C1 /* BroadcastViewController.h */ = {isa = PBXFileReference; fileEncoding = 4; lastKnownFileType = sourcecode.c.h; path = BroadcastViewController.h; sourceTree = "<group>"; };
		53FB689F1DC1814F004337C1 /* BroadcastViewController.m */ = {isa = PBXFileReference; fileEncoding = 4; lastKnownFileType = sourcecode.c.objc; path = BroadcastViewController.m; sourceTree = "<group>"; };
		53FB68A11DC18F34004337C1 /* StartTableViewController.h */ = {isa = PBXFileReference; fileEncoding = 4; lastKnownFileType = sourcecode.c.h; path = StartTableViewController.h; sourceTree = "<group>"; };
		53FB68A21DC18F34004337C1 /* StartTableViewController.m */ = {isa = PBXFileReference; fileEncoding = 4; lastKnownFileType = sourcecode.c.objc; path = StartTableViewController.m; sourceTree = "<group>"; };
		7189291395C7D083C0B32DF7 /* Pods-weSurf.debug.xcconfig */ = {isa = PBXFileReference; includeInIndex = 1; lastKnownFileType = text.xcconfig; name = "Pods-weSurf.debug.xcconfig"; path = "Pods/Target Support Files/Pods-weSurf/Pods-weSurf.debug.xcconfig"; sourceTree = "<group>"; };
		B9C801B83EF15B54653D724C /* libPods-weSurf.a */ = {isa = PBXFileReference; explicitFileType = archive.ar; includeInIndex = 0; path = "libPods-weSurf.a"; sourceTree = BUILT_PRODUCTS_DIR; };
		EDBDB4663A5330BA3DB3B05B /* Pods-weSurf.release.xcconfig */ = {isa = PBXFileReference; includeInIndex = 1; lastKnownFileType = text.xcconfig; name = "Pods-weSurf.release.xcconfig"; path = "Pods/Target Support Files/Pods-weSurf/Pods-weSurf.release.xcconfig"; sourceTree = "<group>"; };
/* End PBXFileReference section */

/* Begin PBXFrameworksBuildPhase section */
		532279931D174D6100F7C2E0 /* Frameworks */ = {
			isa = PBXFrameworksBuildPhase;
			buildActionMask = 2147483647;
			files = (
				81D540E9FC2A29B4108A8061 /* libPods-weSurf.a in Frameworks */,
			);
			runOnlyForDeploymentPostprocessing = 0;
		};
/* End PBXFrameworksBuildPhase section */

/* Begin PBXGroup section */
		2D9AA1C6103551C58E677CD6 /* Frameworks */ = {
			isa = PBXGroup;
			children = (
				B9C801B83EF15B54653D724C /* libPods-weSurf.a */,
			);
			name = Frameworks;
			sourceTree = "<group>";
		};
		5322798D1D174D6100F7C2E0 = {
			isa = PBXGroup;
			children = (
				532279981D174D6100F7C2E0 /* weSurf */,
				532279971D174D6100F7C2E0 /* Products */,
				8D5F291A51A08D7605AE08FB /* Pods */,
				2D9AA1C6103551C58E677CD6 /* Frameworks */,
			);
			sourceTree = "<group>";
		};
		532279971D174D6100F7C2E0 /* Products */ = {
			isa = PBXGroup;
			children = (
				532279961D174D6100F7C2E0 /* weSurf.app */,
			);
			name = Products;
			sourceTree = "<group>";
		};
		532279981D174D6100F7C2E0 /* weSurf */ = {
			isa = PBXGroup;
			children = (
				53FB689C1DC17D5B004337C1 /* weSurf.entitlements */,
				5322799C1D174D6100F7C2E0 /* AppDelegate.h */,
				5322799D1D174D6100F7C2E0 /* AppDelegate.m */,
				5322799F1D174D6100F7C2E0 /* MasterViewController.h */,
				532279A01D174D6100F7C2E0 /* MasterViewController.m */,
				532279A21D174D6100F7C2E0 /* DetailViewController.h */,
				532279A31D174D6100F7C2E0 /* DetailViewController.m */,
				53FB689E1DC1814F004337C1 /* BroadcastViewController.h */,
				53FB689F1DC1814F004337C1 /* BroadcastViewController.m */,
				532279A51D174D6100F7C2E0 /* Main.storyboard */,
				532279A81D174D6100F7C2E0 /* Assets.xcassets */,
				532279AA1D174D6100F7C2E0 /* LaunchScreen.storyboard */,
				532279AD1D174D6100F7C2E0 /* Info.plist */,
				532279B31D174E1F00F7C2E0 /* GoogleService-Info.plist */,
				532279991D174D6100F7C2E0 /* Supporting Files */,
				53FB68A11DC18F34004337C1 /* StartTableViewController.h */,
				53FB68A21DC18F34004337C1 /* StartTableViewController.m */,
			);
			path = weSurf;
			sourceTree = "<group>";
		};
		532279991D174D6100F7C2E0 /* Supporting Files */ = {
			isa = PBXGroup;
			children = (
				5322799A1D174D6100F7C2E0 /* main.m */,
			);
			name = "Supporting Files";
			sourceTree = "<group>";
		};
		8D5F291A51A08D7605AE08FB /* Pods */ = {
			isa = PBXGroup;
			children = (
				7189291395C7D083C0B32DF7 /* Pods-weSurf.debug.xcconfig */,
				EDBDB4663A5330BA3DB3B05B /* Pods-weSurf.release.xcconfig */,
			);
			name = Pods;
			sourceTree = "<group>";
		};
/* End PBXGroup section */

/* Begin PBXNativeTarget section */
		532279951D174D6100F7C2E0 /* weSurf */ = {
			isa = PBXNativeTarget;
			buildConfigurationList = 532279B01D174D6100F7C2E0 /* Build configuration list for PBXNativeTarget "weSurf" */;
			buildPhases = (
				C43AEFC017621E12488F3B30 /* [CP] Check Pods Manifest.lock */,
				532279921D174D6100F7C2E0 /* Sources */,
				532279931D174D6100F7C2E0 /* Frameworks */,
				532279941D174D6100F7C2E0 /* Resources */,
				7BF5FD6E8404350FF9635DDD /* [CP] Embed Pods Frameworks */,
				38DF2BD762E606A6F87E4EB5 /* [CP] Copy Pods Resources */,
			);
			buildRules = (
			);
			dependencies = (
			);
			name = weSurf;
			productName = weSurf;
			productReference = 532279961D174D6100F7C2E0 /* weSurf.app */;
			productType = "com.apple.product-type.application";
		};
/* End PBXNativeTarget section */

/* Begin PBXProject section */
		5322798E1D174D6100F7C2E0 /* Project object */ = {
			isa = PBXProject;
			attributes = {
				LastUpgradeCheck = 0800;
				ORGANIZATIONNAME = "Joseph Slack";
				TargetAttributes = {
					532279951D174D6100F7C2E0 = {
						CreatedOnToolsVersion = 8.0;
						DevelopmentTeam = CAS8L34VEY;
						DevelopmentTeamName = "Joseph Slack";
						ProvisioningStyle = Automatic;
						SystemCapabilities = {
							com.apple.Keychain = {
								enabled = 1;
							};
						};
					};
				};
			};
			buildConfigurationList = 532279911D174D6100F7C2E0 /* Build configuration list for PBXProject "weSurf" */;
			compatibilityVersion = "Xcode 3.2";
			developmentRegion = English;
			hasScannedForEncodings = 0;
			knownRegions = (
				en,
				Base,
			);
			mainGroup = 5322798D1D174D6100F7C2E0;
			productRefGroup = 532279971D174D6100F7C2E0 /* Products */;
			projectDirPath = "";
			projectRoot = "";
			targets = (
				532279951D174D6100F7C2E0 /* weSurf */,
			);
		};
/* End PBXProject section */

/* Begin PBXResourcesBuildPhase section */
		532279941D174D6100F7C2E0 /* Resources */ = {
			isa = PBXResourcesBuildPhase;
			buildActionMask = 2147483647;
			files = (
				532279AC1D174D6100F7C2E0 /* LaunchScreen.storyboard in Resources */,
				532279B41D174E1F00F7C2E0 /* GoogleService-Info.plist in Resources */,
				532279A91D174D6100F7C2E0 /* Assets.xcassets in Resources */,
				532279A71D174D6100F7C2E0 /* Main.storyboard in Resources */,
			);
			runOnlyForDeploymentPostprocessing = 0;
		};
/* End PBXResourcesBuildPhase section */

/* Begin PBXShellScriptBuildPhase section */
		38DF2BD762E606A6F87E4EB5 /* [CP] Copy Pods Resources */ = {
			isa = PBXShellScriptBuildPhase;
			buildActionMask = 2147483647;
			files = (
			);
			inputPaths = (
			);
			name = "[CP] Copy Pods Resources";
			outputPaths = (
			);
			runOnlyForDeploymentPostprocessing = 0;
			shellPath = /bin/sh;
			shellScript = "\"${SRCROOT}/Pods/Target Support Files/Pods-weSurf/Pods-weSurf-resources.sh\"\n";
			showEnvVarsInLog = 0;
		};
		7BF5FD6E8404350FF9635DDD /* [CP] Embed Pods Frameworks */ = {
			isa = PBXShellScriptBuildPhase;
			buildActionMask = 2147483647;
			files = (
			);
			inputPaths = (
			);
			name = "[CP] Embed Pods Frameworks";
			outputPaths = (
			);
			runOnlyForDeploymentPostprocessing = 0;
			shellPath = /bin/sh;
			shellScript = "\"${SRCROOT}/Pods/Target Support Files/Pods-weSurf/Pods-weSurf-frameworks.sh\"\n";
			showEnvVarsInLog = 0;
		};
		C43AEFC017621E12488F3B30 /* [CP] Check Pods Manifest.lock */ = {
			isa = PBXShellScriptBuildPhase;
			buildActionMask = 2147483647;
			files = (
			);
			inputPaths = (
			);
			name = "[CP] Check Pods Manifest.lock";
			outputPaths = (
			);
			runOnlyForDeploymentPostprocessing = 0;
			shellPath = /bin/sh;
			shellScript = "diff \"${PODS_ROOT}/../Podfile.lock\" \"${PODS_ROOT}/Manifest.lock\" > /dev/null\nif [ $? != 0 ] ; then\n    # print error to STDERR\n    echo \"error: The sandbox is not in sync with the Podfile.lock. Run 'pod install' or update your CocoaPods installation.\" >&2\n    exit 1\nfi\n";
			showEnvVarsInLog = 0;
		};
/* End PBXShellScriptBuildPhase section */

/* Begin PBXSourcesBuildPhase section */
		532279921D174D6100F7C2E0 /* Sources */ = {
			isa = PBXSourcesBuildPhase;
			buildActionMask = 2147483647;
			files = (
				5322799E1D174D6100F7C2E0 /* AppDelegate.m in Sources */,
				53FB68A01DC18150004337C1 /* BroadcastViewController.m in Sources */,
				53FB68A31DC18F34004337C1 /* StartTableViewController.m in Sources */,
				532279A11D174D6100F7C2E0 /* MasterViewController.m in Sources */,
				5322799B1D174D6100F7C2E0 /* main.m in Sources */,
				532279A41D174D6100F7C2E0 /* DetailViewController.m in Sources */,
			);
			runOnlyForDeploymentPostprocessing = 0;
		};
/* End PBXSourcesBuildPhase section */

/* Begin PBXVariantGroup section */
		532279A51D174D6100F7C2E0 /* Main.storyboard */ = {
			isa = PBXVariantGroup;
			children = (
				532279A61D174D6100F7C2E0 /* Base */,
			);
			name = Main.storyboard;
			sourceTree = "<group>";
		};
		532279AA1D174D6100F7C2E0 /* LaunchScreen.storyboard */ = {
			isa = PBXVariantGroup;
			children = (
				532279AB1D174D6100F7C2E0 /* Base */,
			);
			name = LaunchScreen.storyboard;
			sourceTree = "<group>";
		};
/* End PBXVariantGroup section */

/* Begin XCBuildConfiguration section */
		532279AE1D174D6100F7C2E0 /* Debug */ = {
			isa = XCBuildConfiguration;
			buildSettings = {
				ALWAYS_SEARCH_USER_PATHS = NO;
				CLANG_ANALYZER_NONNULL = YES;
				CLANG_CXX_LANGUAGE_STANDARD = "gnu++0x";
				CLANG_CXX_LIBRARY = "libc++";
				CLANG_ENABLE_MODULES = YES;
				CLANG_ENABLE_OBJC_ARC = YES;
				CLANG_WARN_BOOL_CONVERSION = YES;
				CLANG_WARN_CONSTANT_CONVERSION = YES;
				CLANG_WARN_DIRECT_OBJC_ISA_USAGE = YES_ERROR;
				CLANG_WARN_DOCUMENTATION_COMMENTS = YES;
				CLANG_WARN_EMPTY_BODY = YES;
				CLANG_WARN_ENUM_CONVERSION = YES;
				CLANG_WARN_INT_CONVERSION = YES;
				CLANG_WARN_OBJC_ROOT_CLASS = YES_ERROR;
				CLANG_WARN_UNREACHABLE_CODE = YES;
				CLANG_WARN__DUPLICATE_METHOD_MATCH = YES;
				"CODE_SIGN_IDENTITY[sdk=iphoneos*]" = "iPhone Developer";
				COPY_PHASE_STRIP = NO;
				DEBUG_INFORMATION_FORMAT = dwarf;
				ENABLE_STRICT_OBJC_MSGSEND = YES;
				ENABLE_TESTABILITY = YES;
				GCC_C_LANGUAGE_STANDARD = gnu99;
				GCC_DYNAMIC_NO_PIC = NO;
				GCC_NO_COMMON_BLOCKS = YES;
				GCC_OPTIMIZATION_LEVEL = 0;
				GCC_PREPROCESSOR_DEFINITIONS = (
					"DEBUG=1",
					"$(inherited)",
				);
				GCC_WARN_64_TO_32_BIT_CONVERSION = YES;
				GCC_WARN_ABOUT_RETURN_TYPE = YES_ERROR;
				GCC_WARN_UNDECLARED_SELECTOR = YES;
				GCC_WARN_UNINITIALIZED_AUTOS = YES_AGGRESSIVE;
				GCC_WARN_UNUSED_FUNCTION = YES;
				GCC_WARN_UNUSED_VARIABLE = YES;
				IPHONEOS_DEPLOYMENT_TARGET = 10.0;
				MTL_ENABLE_DEBUG_INFO = YES;
				ONLY_ACTIVE_ARCH = YES;
				SDKROOT = iphoneos;
				TARGETED_DEVICE_FAMILY = "1,2";
			};
			name = Debug;
		};
		532279AF1D174D6100F7C2E0 /* Release */ = {
			isa = XCBuildConfiguration;
			buildSettings = {
				ALWAYS_SEARCH_USER_PATHS = NO;
				CLANG_ANALYZER_NONNULL = YES;
				CLANG_CXX_LANGUAGE_STANDARD = "gnu++0x";
				CLANG_CXX_LIBRARY = "libc++";
				CLANG_ENABLE_MODULES = YES;
				CLANG_ENABLE_OBJC_ARC = YES;
				CLANG_WARN_BOOL_CONVERSION = YES;
				CLANG_WARN_CONSTANT_CONVERSION = YES;
				CLANG_WARN_DIRECT_OBJC_ISA_USAGE = YES_ERROR;
				CLANG_WARN_DOCUMENTATION_COMMENTS = YES;
				CLANG_WARN_EMPTY_BODY = YES;
				CLANG_WARN_ENUM_CONVERSION = YES;
				CLANG_WARN_INT_CONVERSION = YES;
				CLANG_WARN_OBJC_ROOT_CLASS = YES_ERROR;
				CLANG_WARN_UNREACHABLE_CODE = YES;
				CLANG_WARN__DUPLICATE_METHOD_MATCH = YES;
				"CODE_SIGN_IDENTITY[sdk=iphoneos*]" = "iPhone Developer";
				COPY_PHASE_STRIP = NO;
				DEBUG_INFORMATION_FORMAT = "dwarf-with-dsym";
				ENABLE_NS_ASSERTIONS = NO;
				ENABLE_STRICT_OBJC_MSGSEND = YES;
				GCC_C_LANGUAGE_STANDARD = gnu99;
				GCC_NO_COMMON_BLOCKS = YES;
				GCC_WARN_64_TO_32_BIT_CONVERSION = YES;
				GCC_WARN_ABOUT_RETURN_TYPE = YES_ERROR;
				GCC_WARN_UNDECLARED_SELECTOR = YES;
				GCC_WARN_UNINITIALIZED_AUTOS = YES_AGGRESSIVE;
				GCC_WARN_UNUSED_FUNCTION = YES;
				GCC_WARN_UNUSED_VARIABLE = YES;
				IPHONEOS_DEPLOYMENT_TARGET = 10.0;
				MTL_ENABLE_DEBUG_INFO = NO;
				SDKROOT = iphoneos;
				TARGETED_DEVICE_FAMILY = "1,2";
				VALIDATE_PRODUCT = YES;
			};
			name = Release;
		};
		532279B11D174D6100F7C2E0 /* Debug */ = {
			isa = XCBuildConfiguration;
			baseConfigurationReference = 7189291395C7D083C0B32DF7 /* Pods-weSurf.debug.xcconfig */;
			buildSettings = {
				ALWAYS_SEARCH_USER_PATHS = NO;
				ASSETCATALOG_COMPILER_APPICON_NAME = AppIcon;
				CODE_SIGN_ENTITLEMENTS = weSurf/weSurf.entitlements;
				FRAMEWORK_SEARCH_PATHS = (
					"$(inherited)",
					"\"${PODS_ROOT}/Fabric/iOS\"",
					"\"${PODS_ROOT}/FirebaseAnalytics/Frameworks/frameworks\"",
					"\"${PODS_ROOT}/FirebaseAuth/Frameworks/frameworks\"",
					"\"${PODS_ROOT}/FirebaseCore/Frameworks/frameworks\"",
					"\"${PODS_ROOT}/FirebaseDatabase/Frameworks\"",
					"\"${PODS_ROOT}/FirebaseInstanceID/Frameworks/frameworks\"",
					"\"${PODS_ROOT}/FirebaseStorage/Frameworks/frameworks\"",
					"\"${PODS_ROOT}/FirebaseUI/FirebaseUIFrameworks/FirebaseAuthUI/Frameworks\"",
					"\"${PODS_ROOT}/FirebaseUI/FirebaseUIFrameworks/FirebaseDatabaseUI/Frameworks\"",
					"\"${PODS_ROOT}/FirebaseUI/FirebaseUIFrameworks/FirebaseFacebookAuthUI/Frameworks\"",
					"\"${PODS_ROOT}/FirebaseUI/FirebaseUIFrameworks/FirebaseGoogleAuthUI/Frameworks\"",
					"\"${PODS_ROOT}/FirebaseUI/FirebaseUIFrameworks/FirebaseStorageUI/Frameworks\"",
					"\"${PODS_ROOT}/FirebaseUI/FirebaseUIFrameworks/FirebaseTwitterAuthUI/Frameworks\"",
					"\"${PODS_ROOT}/GoogleAppUtilities/Frameworks/frameworks\"",
					"\"${PODS_ROOT}/GoogleInterchangeUtilities/Frameworks/frameworks\"",
					"\"${PODS_ROOT}/GoogleSignIn/Frameworks\"",
					"\"${PODS_ROOT}/GoogleSymbolUtilities/Frameworks/frameworks\"",
					"\"${PODS_ROOT}/TwitterCore/iOS\"",
					"\"${PODS_ROOT}/TwitterKit/iOS\"",
				);
				INFOPLIST_FILE = weSurf/Info.plist;
				LD_RUNPATH_SEARCH_PATHS = "$(inherited) @executable_path/Frameworks";
				PRODUCT_BUNDLE_IDENTIFIER = com.flareapp.wesurf;
				PRODUCT_NAME = "$(TARGET_NAME)";
			};
			name = Debug;
		};
		532279B21D174D6100F7C2E0 /* Release */ = {
			isa = XCBuildConfiguration;
			baseConfigurationReference = EDBDB4663A5330BA3DB3B05B /* Pods-weSurf.release.xcconfig */;
			buildSettings = {
				ALWAYS_SEARCH_USER_PATHS = NO;
				ASSETCATALOG_COMPILER_APPICON_NAME = AppIcon;
				CODE_SIGN_ENTITLEMENTS = weSurf/weSurf.entitlements;
				FRAMEWORK_SEARCH_PATHS = (
					"$(inherited)",
					"\"${PODS_ROOT}/Fabric/iOS\"",
					"\"${PODS_ROOT}/FirebaseAnalytics/Frameworks/frameworks\"",
					"\"${PODS_ROOT}/FirebaseAuth/Frameworks/frameworks\"",
					"\"${PODS_ROOT}/FirebaseCore/Frameworks/frameworks\"",
					"\"${PODS_ROOT}/FirebaseDatabase/Frameworks\"",
					"\"${PODS_ROOT}/FirebaseInstanceID/Frameworks/frameworks\"",
					"\"${PODS_ROOT}/FirebaseStorage/Frameworks/frameworks\"",
					"\"${PODS_ROOT}/FirebaseUI/FirebaseUIFrameworks/FirebaseAuthUI/Frameworks\"",
					"\"${PODS_ROOT}/FirebaseUI/FirebaseUIFrameworks/FirebaseDatabaseUI/Frameworks\"",
					"\"${PODS_ROOT}/FirebaseUI/FirebaseUIFrameworks/FirebaseFacebookAuthUI/Frameworks\"",
					"\"${PODS_ROOT}/FirebaseUI/FirebaseUIFrameworks/FirebaseGoogleAuthUI/Frameworks\"",
					"\"${PODS_ROOT}/FirebaseUI/FirebaseUIFrameworks/FirebaseStorageUI/Frameworks\"",
					"\"${PODS_ROOT}/FirebaseUI/FirebaseUIFrameworks/FirebaseTwitterAuthUI/Frameworks\"",
					"\"${PODS_ROOT}/GoogleAppUtilities/Frameworks/frameworks\"",
					"\"${PODS_ROOT}/GoogleInterchangeUtilities/Frameworks/frameworks\"",
					"\"${PODS_ROOT}/GoogleSignIn/Frameworks\"",
					"\"${PODS_ROOT}/GoogleSymbolUtilities/Frameworks/frameworks\"",
					"\"${PODS_ROOT}/TwitterCore/iOS\"",
					"\"${PODS_ROOT}/TwitterKit/iOS\"",
				);
				INFOPLIST_FILE = weSurf/Info.plist;
				LD_RUNPATH_SEARCH_PATHS = "$(inherited) @executable_path/Frameworks";
				PRODUCT_BUNDLE_IDENTIFIER = com.flareapp.wesurf;
				PRODUCT_NAME = "$(TARGET_NAME)";
			};
			name = Release;
		};
/* End XCBuildConfiguration section */

/* Begin XCConfigurationList section */
		532279911D174D6100F7C2E0 /* Build configuration list for PBXProject "weSurf" */ = {
			isa = XCConfigurationList;
			buildConfigurations = (
				532279AE1D174D6100F7C2E0 /* Debug */,
				532279AF1D174D6100F7C2E0 /* Release */,
			);
			defaultConfigurationIsVisible = 0;
			defaultConfigurationName = Release;
		};
		532279B01D174D6100F7C2E0 /* Build configuration list for PBXNativeTarget "weSurf" */ = {
			isa = XCConfigurationList;
			buildConfigurations = (
				532279B11D174D6100F7C2E0 /* Debug */,
				532279B21D174D6100F7C2E0 /* Release */,
			);
			defaultConfigurationIsVisible = 0;
			defaultConfigurationName = Release;
		};
/* End XCConfigurationList section */
	};
	rootObject = 5322798E1D174D6100F7C2E0 /* Project object */;
}
